
Microsoft Visual Studio Solution File, Format Version 12.00
# Visual Studio Version 16
VisualStudioVersion = 16.0.31515.178
MinimumVisualStudioVersion = 10.0.40219.1
Project("{FAE04EC0-301F-11D3-BF4B-00C04F79EFBC}") = "sumOf2Number", "sumOf2Number\sumOf2Number.csproj", "{895AE106-A9D8-42AC-9497-9DB2BDB738FB}"
EndProject
Project("{FAE04EC0-301F-11D3-BF4B-00C04F79EFBC}") = "MSTestDemo", "MSTestDemo\MSTestDemo.csproj", "{7C92DC8A-8DC6-4134-8132-0270E1962750}"
EndProject
Global
	GlobalSection(SolutionConfigurationPlatforms) = preSolution
		Debug|Any CPU = Debug|Any CPU
		Release|Any CPU = Release|Any CPU
	EndGlobalSection
	GlobalSection(ProjectConfigurationPlatforms) = postSolution
		{895AE106-A9D8-42AC-9497-9DB2BDB738FB}.Debug|Any CPU.ActiveCfg = Debug|Any CPU
		{895AE106-A9D8-42AC-9497-9DB2BDB738FB}.Debug|Any CPU.Build.0 = Debug|Any CPU
		{895AE106-A9D8-42AC-9497-9DB2BDB738FB}.Release|Any CPU.ActiveCfg = Release|Any CPU
		{895AE106-A9D8-42AC-9497-9DB2BDB738FB}.Release|Any CPU.Build.0 = Release|Any CPU
		{7C92DC8A-8DC6-4134-8132-0270E1962750}.Debug|Any CPU.ActiveCfg = Debug|Any CPU
		{7C92DC8A-8DC6-4134-8132-0270E1962750}.Debug|Any CPU.Build.0 = Debug|Any CPU
		{7C92DC8A-8DC6-4134-8132-0270E1962750}.Release|Any CPU.ActiveCfg = Release|Any CPU
		{7C92DC8A-8DC6-4134-8132-0270E1962750}.Release|Any CPU.Build.0 = Release|Any CPU
	EndGlobalSection
	GlobalSection(SolutionProperties) = preSolution
		HideSolutionNode = FALSE
	EndGlobalSection
	GlobalSection(ExtensibilityGlobals) = postSolution
		SolutionGuid = {A670D8F7-1B99-47FA-B2BD-C4F57A55A895}
	EndGlobalSection
EndGlobal
